
Microsoft Visual Studio Solution File, Format Version 12.00
# Visual Studio Version 17
VisualStudioVersion = 17.5.002.0
MinimumVisualStudioVersion = 10.0.40219.1
Project("{9A19103F-16F7-4668-BE54-9A1E7A4F7556}") = "DesafioFundamentos", "DesafioFundamentos\DesafioFundamentos.csproj", "{5DFBB0C5-A3AA-4C40-B721-351891DD906F}"
EndProject
Global
	GlobalSection(SolutionConfigurationPlatforms) = preSolution
		Debug|Any CPU = Debug|Any CPU
		Release|Any CPU = Release|Any CPU
	EndGlobalSection
	GlobalSection(ProjectConfigurationPlatforms) = postSolution
		{5DFBB0C5-A3AA-4C40-B721-351891DD906F}.Debug|Any CPU.ActiveCfg = Debug|Any CPU
		{5DFBB0C5-A3AA-4C40-B721-351891DD906F}.Debug|Any CPU.Build.0 = Debug|Any CPU
		{5DFBB0C5-A3AA-4C40-B721-351891DD906F}.Release|Any CPU.ActiveCfg = Release|Any CPU
		{5DFBB0C5-A3AA-4C40-B721-351891DD906F}.Release|Any CPU.Build.0 = Release|Any CPU
	EndGlobalSection
	GlobalSection(SolutionProperties) = preSolution
		HideSolutionNode = FALSE
	EndGlobalSection
	GlobalSection(ExtensibilityGlobals) = postSolution
		SolutionGuid = {A6C44A43-4518-45BE-83D5-17051F0D1D26}
	EndGlobalSection
EndGlobal
